# THIS IS AN AUTOGENERATED FILE. DO NOT EDIT THIS FILE DIRECTLY.
# yarn lockfile v1


svelte@^3.46.4:
  version "3.46.4"
  resolved "https://registry.yarnpkg.com/svelte/-/svelte-3.46.4.tgz#0c46bc4a3e20a2617a1b7dc43a722f9d6c084a38"
  integrity sha512-qKJzw6DpA33CIa+C/rGp4AUdSfii0DOTCzj/2YpSKKayw5WGSS624Et9L1nU1k2OVRS9vaENQXp2CVZNU+xvIg==
